
Microsoft Visual Studio Solution File, Format Version 12.00
# Visual Studio Version 16
VisualStudioVersion = 16.0.31613.86
MinimumVisualStudioVersion = 10.0.40219.1
Project("{2150E333-8FDC-42A3-9474-1A3956D46DE8}") = "src", "src", "{918C4211-A3BD-46B8-B004-CF33A24246AC}"
EndProject
Project("{FAE04EC0-301F-11D3-BF4B-00C04F79EFBC}") = "Desafio.ECommerce.Api", "src\Desafio.ECommerce.Api\Desafio.ECommerce.Api.csproj", "{001BD35A-6F3D-4ED6-A2D8-62BAC3207803}"
EndProject
Project("{FAE04EC0-301F-11D3-BF4B-00C04F79EFBC}") = "Desafio.ECommerce.Business", "src\Desafio.ECommerce.Business\Desafio.ECommerce.Business.csproj", "{9E0741BD-6210-417F-9433-B321492153A4}"
EndProject
Project("{FAE04EC0-301F-11D3-BF4B-00C04F79EFBC}") = "Desafio.ECommerce.Data", "src\Desafio.ECommerce.Data\Desafio.ECommerce.Data.csproj", "{38D97D92-9C58-4450-AEC7-F384DCFCF7E5}"
EndProject
Global
	GlobalSection(SolutionConfigurationPlatforms) = preSolution
		Debug|Any CPU = Debug|Any CPU
		Release|Any CPU = Release|Any CPU
	EndGlobalSection
	GlobalSection(ProjectConfigurationPlatforms) = postSolution
		{001BD35A-6F3D-4ED6-A2D8-62BAC3207803}.Debug|Any CPU.ActiveCfg = Debug|Any CPU
		{001BD35A-6F3D-4ED6-A2D8-62BAC3207803}.Debug|Any CPU.Build.0 = Debug|Any CPU
		{001BD35A-6F3D-4ED6-A2D8-62BAC3207803}.Release|Any CPU.ActiveCfg = Release|Any CPU
		{001BD35A-6F3D-4ED6-A2D8-62BAC3207803}.Release|Any CPU.Build.0 = Release|Any CPU
		{9E0741BD-6210-417F-9433-B321492153A4}.Debug|Any CPU.ActiveCfg = Debug|Any CPU
		{9E0741BD-6210-417F-9433-B321492153A4}.Debug|Any CPU.Build.0 = Debug|Any CPU
		{9E0741BD-6210-417F-9433-B321492153A4}.Release|Any CPU.ActiveCfg = Release|Any CPU
		{9E0741BD-6210-417F-9433-B321492153A4}.Release|Any CPU.Build.0 = Release|Any CPU
		{38D97D92-9C58-4450-AEC7-F384DCFCF7E5}.Debug|Any CPU.ActiveCfg = Debug|Any CPU
		{38D97D92-9C58-4450-AEC7-F384DCFCF7E5}.Debug|Any CPU.Build.0 = Debug|Any CPU
		{38D97D92-9C58-4450-AEC7-F384DCFCF7E5}.Release|Any CPU.ActiveCfg = Release|Any CPU
		{38D97D92-9C58-4450-AEC7-F384DCFCF7E5}.Release|Any CPU.Build.0 = Release|Any CPU
	EndGlobalSection
	GlobalSection(SolutionProperties) = preSolution
		HideSolutionNode = FALSE
	EndGlobalSection
	GlobalSection(NestedProjects) = preSolution
		{001BD35A-6F3D-4ED6-A2D8-62BAC3207803} = {918C4211-A3BD-46B8-B004-CF33A24246AC}
		{9E0741BD-6210-417F-9433-B321492153A4} = {918C4211-A3BD-46B8-B004-CF33A24246AC}
		{38D97D92-9C58-4450-AEC7-F384DCFCF7E5} = {918C4211-A3BD-46B8-B004-CF33A24246AC}
	EndGlobalSection
	GlobalSection(ExtensibilityGlobals) = postSolution
		SolutionGuid = {285DF657-B27E-4556-974F-1767E4F2AF96}
	EndGlobalSection
EndGlobal
